# THIS IS AN AUTOGENERATED FILE. DO NOT EDIT THIS FILE DIRECTLY.
# yarn lockfile v1


bin-protocol@^3.0.2:
  version "3.0.4"
  resolved "https://registry.yarnpkg.com/bin-protocol/-/bin-protocol-3.0.4.tgz#465a9d3506feb0e126b52b5b2160d936e15b27f4"
  dependencies:
    lodash "^4.1.0"
    long "^3.0.3"
    protocol-buffers-schema "^3.0.0"

bluebird@^3.3.3:
  version "3.5.1"
  resolved "https://registry.yarnpkg.com/bluebird/-/bluebird-3.5.1.tgz#d9551f9de98f1fcda1e683d17ee91a0602ee2eb9"

buffer-crc32@^0.2.5:
  version "0.2.13"
  resolved "https://registry.yarnpkg.com/buffer-crc32/-/buffer-crc32-0.2.13.tgz#0d333e3f00eac50aa1454abd30ef8c2a5d9a7242"

connection-parse@0.0.x:
  version "0.0.7"
  resolved "https://registry.yarnpkg.com/connection-parse/-/connection-parse-0.0.7.tgz#18e7318aab06a699267372b10c5226d25a1c9a69"

debug@^2.2.0:
  version "2.6.9"
  resolved "https://registry.yarnpkg.com/debug/-/debug-2.6.9.tgz#5d128515df134ff327e90a4c93f4e077a536341f"
  dependencies:
    ms "2.0.0"

hashring@^3.2.0:
  version "3.2.0"
  resolved "https://registry.yarnpkg.com/hashring/-/hashring-3.2.0.tgz#fda4efde8aa22cdb97fb1d2a65e88401e1c144ce"
  dependencies:
    connection-parse "0.0.x"
    simple-lru-cache "0.0.x"

isarray@0.0.1:
  version "0.0.1"
  resolved "https://registry.yarnpkg.com/isarray/-/isarray-0.0.1.tgz#8a18acfca9a8f4177e09abfc6038939b05d1eedf"

kafka-proxy@^1.0.0:
  version "1.0.0"
  resolved "https://registry.yarnpkg.com/kafka-proxy/-/kafka-proxy-1.0.0.tgz#89f533c0aa14c3c3f59ecb8475a549a3c8b0f1ea"
  dependencies:
    debug "^2.2.0"
    no-kafka "^2.5.5"
    path-to-regexp "^1.2.1"
    ws "^1.0.1"

lodash@=4.16.4:
  version "4.16.4"
  resolved "https://registry.yarnpkg.com/lodash/-/lodash-4.16.4.tgz#01ce306b9bad1319f2a5528674f88297aeb70127"

lodash@^4.0.1, lodash@^4.1.0, lodash@^4.3.0:
  version "4.17.4"
  resolved "https://registry.yarnpkg.com/lodash/-/lodash-4.17.4.tgz#78203a4d1c328ae1d86dca6460e369b57f4055ae"

long@^3.0.3:
  version "3.2.0"
  resolved "https://registry.yarnpkg.com/long/-/long-3.2.0.tgz#d821b7138ca1cb581c172990ef14db200b5c474b"

ms@2.0.0:
  version "2.0.0"
  resolved "https://registry.yarnpkg.com/ms/-/ms-2.0.0.tgz#5608aeadfc00be6c2901df5f9861788de0d597c8"

nice-simple-logger@^1.0.1:
  version "1.0.1"
  resolved "https://registry.yarnpkg.com/nice-simple-logger/-/nice-simple-logger-1.0.1.tgz#0f9e648527be7be3e49ab76fa8c8c098af951bf6"
  dependencies:
    lodash "^4.3.0"

no-kafka@^2.5.5:
  version "2.9.2"
  resolved "https://registry.yarnpkg.com/no-kafka/-/no-kafka-2.9.2.tgz#716ed02aab52545ecc4b4bf5efd6a385eb00295f"
  dependencies:
    bin-protocol "^3.0.2"
    bluebird "^3.3.3"
    buffer-crc32 "^0.2.5"
    hashring "^3.2.0"
    lodash "=4.16.4"
    nice-simple-logger "^1.0.1"
    wrr-pool "^1.0.3"

options@>=0.0.5:
  version "0.0.6"
  resolved "https://registry.yarnpkg.com/options/-/options-0.0.6.tgz#ec22d312806bb53e731773e7cdaefcf1c643128f"

path-to-regexp@^1.2.1:
  version "1.7.0"
  resolved "https://registry.yarnpkg.com/path-to-regexp/-/path-to-regexp-1.7.0.tgz#59fde0f435badacba103a84e9d3bc64e96b9937d"
  dependencies:
    isarray "0.0.1"

protocol-buffers-schema@^3.0.0:
  version "3.3.2"
  resolved "https://registry.yarnpkg.com/protocol-buffers-schema/-/protocol-buffers-schema-3.3.2.tgz#00434f608b4e8df54c59e070efeefc37fb4bb859"

simple-lru-cache@0.0.x:
  version "0.0.2"
  resolved "https://registry.yarnpkg.com/simple-lru-cache/-/simple-lru-cache-0.0.2.tgz#d59cc3a193c1a5d0320f84ee732f6e4713e511dd"

ultron@1.0.x:
  version "1.0.2"
  resolved "https://registry.yarnpkg.com/ultron/-/ultron-1.0.2.tgz#ace116ab557cd197386a4e88f4685378c8b2e4fa"

wrr-pool@^1.0.3:
  version "1.1.3"
  resolved "https://registry.yarnpkg.com/wrr-pool/-/wrr-pool-1.1.3.tgz#fdad22f2ea1f30363ffe5d781cf79497a77ff07e"
  dependencies:
    lodash "^4.0.1"

ws@^1.0.1:
  version "1.1.5"
  resolved "https://registry.yarnpkg.com/ws/-/ws-1.1.5.tgz#cbd9e6e75e09fc5d2c90015f21f0c40875e0dd51"
  dependencies:
    options ">=0.0.5"
    ultron "1.0.x"
